
Microsoft Visual Studio Solution File, Format Version 12.00
# Visual Studio Version 18
VisualStudioVersion = 18.0.11217.181 d18.0
MinimumVisualStudioVersion = 10.0.40219.1
Project("{FAE04EC0-301F-11D3-BF4B-00C04F79EFBC}") = "MIDI", "MIDI\MIDI.csproj", "{048327B7-75C3-4870-8B51-920FB7E45199}"
EndProject
Project("{FAE04EC0-301F-11D3-BF4B-00C04F79EFBC}") = "MidiPlugin", "MidiPluginReader\MidiPlugin.csproj", "{5DFFD8D1-8E76-4C6E-A0D7-601F2D5FEBB9}"
EndProject
Project("{FAE04EC0-301F-11D3-BF4B-00C04F79EFBC}") = "WorldlineHost", "WorldlineSandbox\WorldlineHost.csproj", "{242FA243-995A-454E-84B5-850DF1A7E80A}"
EndProject
Project("{FAE04EC0-301F-11D3-BF4B-00C04F79EFBC}") = "SampleExtension", "SampleExtemsion\SampleExtension.csproj", "{F9483A9B-4245-49CE-B6A2-8A48F045D187}"
EndProject
Project("{FAE04EC0-301F-11D3-BF4B-00C04F79EFBC}") = "MIDI.SourceGenerator", "MIDI.SourceGenerator\MIDI.SourceGenerator.csproj", "{05A62BC3-45F9-4231-A21E-15535CAFE4CB}"
EndProject
Global
	GlobalSection(SolutionConfigurationPlatforms) = preSolution
		Debug|Any CPU = Debug|Any CPU
		Debug|x64 = Debug|x64
		Release|Any CPU = Release|Any CPU
		Release|x64 = Release|x64
	EndGlobalSection
	GlobalSection(ProjectConfigurationPlatforms) = postSolution
		{048327B7-75C3-4870-8B51-920FB7E45199}.Debug|Any CPU.ActiveCfg = Debug|Any CPU
		{048327B7-75C3-4870-8B51-920FB7E45199}.Debug|Any CPU.Build.0 = Debug|Any CPU
		{048327B7-75C3-4870-8B51-920FB7E45199}.Debug|x64.ActiveCfg = Debug|x64
		{048327B7-75C3-4870-8B51-920FB7E45199}.Debug|x64.Build.0 = Debug|x64
		{048327B7-75C3-4870-8B51-920FB7E45199}.Release|Any CPU.ActiveCfg = Release|Any CPU
		{048327B7-75C3-4870-8B51-920FB7E45199}.Release|Any CPU.Build.0 = Release|Any CPU
		{048327B7-75C3-4870-8B51-920FB7E45199}.Release|x64.ActiveCfg = Release|x64
		{048327B7-75C3-4870-8B51-920FB7E45199}.Release|x64.Build.0 = Release|x64
		{5DFFD8D1-8E76-4C6E-A0D7-601F2D5FEBB9}.Debug|Any CPU.ActiveCfg = Debug|Any CPU
		{5DFFD8D1-8E76-4C6E-A0D7-601F2D5FEBB9}.Debug|Any CPU.Build.0 = Debug|Any CPU
		{5DFFD8D1-8E76-4C6E-A0D7-601F2D5FEBB9}.Debug|x64.ActiveCfg = Debug|Any CPU
		{5DFFD8D1-8E76-4C6E-A0D7-601F2D5FEBB9}.Debug|x64.Build.0 = Debug|Any CPU
		{5DFFD8D1-8E76-4C6E-A0D7-601F2D5FEBB9}.Release|Any CPU.ActiveCfg = Release|Any CPU
		{5DFFD8D1-8E76-4C6E-A0D7-601F2D5FEBB9}.Release|Any CPU.Build.0 = Release|Any CPU
		{5DFFD8D1-8E76-4C6E-A0D7-601F2D5FEBB9}.Release|x64.ActiveCfg = Release|Any CPU
		{5DFFD8D1-8E76-4C6E-A0D7-601F2D5FEBB9}.Release|x64.Build.0 = Release|Any CPU
		{242FA243-995A-454E-84B5-850DF1A7E80A}.Debug|Any CPU.ActiveCfg = Debug|Any CPU
		{242FA243-995A-454E-84B5-850DF1A7E80A}.Debug|Any CPU.Build.0 = Debug|Any CPU
		{242FA243-995A-454E-84B5-850DF1A7E80A}.Debug|x64.ActiveCfg = Debug|Any CPU
		{242FA243-995A-454E-84B5-850DF1A7E80A}.Debug|x64.Build.0 = Debug|Any CPU
		{242FA243-995A-454E-84B5-850DF1A7E80A}.Release|Any CPU.ActiveCfg = Release|Any CPU
		{242FA243-995A-454E-84B5-850DF1A7E80A}.Release|Any CPU.Build.0 = Release|Any CPU
		{242FA243-995A-454E-84B5-850DF1A7E80A}.Release|x64.ActiveCfg = Release|Any CPU
		{242FA243-995A-454E-84B5-850DF1A7E80A}.Release|x64.Build.0 = Release|Any CPU
		{F9483A9B-4245-49CE-B6A2-8A48F045D187}.Debug|Any CPU.ActiveCfg = Debug|Any CPU
		{F9483A9B-4245-49CE-B6A2-8A48F045D187}.Debug|Any CPU.Build.0 = Debug|Any CPU
		{F9483A9B-4245-49CE-B6A2-8A48F045D187}.Debug|x64.ActiveCfg = Debug|Any CPU
		{F9483A9B-4245-49CE-B6A2-8A48F045D187}.Debug|x64.Build.0 = Debug|Any CPU
		{F9483A9B-4245-49CE-B6A2-8A48F045D187}.Release|Any CPU.ActiveCfg = Release|Any CPU
		{F9483A9B-4245-49CE-B6A2-8A48F045D187}.Release|Any CPU.Build.0 = Release|Any CPU
		{F9483A9B-4245-49CE-B6A2-8A48F045D187}.Release|x64.ActiveCfg = Release|Any CPU
		{F9483A9B-4245-49CE-B6A2-8A48F045D187}.Release|x64.Build.0 = Release|Any CPU
		{05A62BC3-45F9-4231-A21E-15535CAFE4CB}.Debug|Any CPU.ActiveCfg = Debug|Any CPU
		{05A62BC3-45F9-4231-A21E-15535CAFE4CB}.Debug|Any CPU.Build.0 = Debug|Any CPU
		{05A62BC3-45F9-4231-A21E-15535CAFE4CB}.Debug|x64.ActiveCfg = Debug|Any CPU
		{05A62BC3-45F9-4231-A21E-15535CAFE4CB}.Debug|x64.Build.0 = Debug|Any CPU
		{05A62BC3-45F9-4231-A21E-15535CAFE4CB}.Release|Any CPU.ActiveCfg = Release|Any CPU
		{05A62BC3-45F9-4231-A21E-15535CAFE4CB}.Release|Any CPU.Build.0 = Release|Any CPU
		{05A62BC3-45F9-4231-A21E-15535CAFE4CB}.Release|x64.ActiveCfg = Release|Any CPU
		{05A62BC3-45F9-4231-A21E-15535CAFE4CB}.Release|x64.Build.0 = Release|Any CPU
	EndGlobalSection
	GlobalSection(SolutionProperties) = preSolution
		HideSolutionNode = FALSE
	EndGlobalSection
	GlobalSection(ExtensibilityGlobals) = postSolution
		SolutionGuid = {617201F4-F0C6-436B-866B-F39E212D5D03}
	EndGlobalSection
EndGlobal
